
Microsoft Visual Studio Solution File, Format Version 12.00
# Visual Studio Version 17
VisualStudioVersion = 17.9.34607.119
MinimumVisualStudioVersion = 10.0.40219.1
Project("{888888A0-9F3D-457C-B088-3A5042F75D52}") = "Svg Render", "Svg Render\Svg Render.pyproj", "{2A44026D-6F69-4986-95A7-93A696D563CE}"
EndProject
Global
	GlobalSection(SolutionConfigurationPlatforms) = preSolution
		Debug|Any CPU = Debug|Any CPU
		Release|Any CPU = Release|Any CPU
	EndGlobalSection
	GlobalSection(ProjectConfigurationPlatforms) = postSolution
		{2A44026D-6F69-4986-95A7-93A696D563CE}.Debug|Any CPU.ActiveCfg = Debug|Any CPU
		{2A44026D-6F69-4986-95A7-93A696D563CE}.Release|Any CPU.ActiveCfg = Release|Any CPU
	EndGlobalSection
	GlobalSection(SolutionProperties) = preSolution
		HideSolutionNode = FALSE
	EndGlobalSection
	GlobalSection(ExtensibilityGlobals) = postSolution
		SolutionGuid = {CB61373F-DB93-4B67-BC50-45EADD6CCF3B}
	EndGlobalSection
EndGlobal
